
Microsoft Visual Studio Solution File, Format Version 12.00
# Visual Studio Version 16
VisualStudioVersion = 16.0.30517.126
MinimumVisualStudioVersion = 10.0.40219.1
Project("{FAE04EC0-301F-11D3-BF4B-00C04F79EFBC}") = "newLaba5Vlad", "newLaba5Vlad\newLaba5Vlad.csproj", "{5F1DF827-A00D-45AF-A8C0-1AED37FA6D5D}"
EndProject
Global
	GlobalSection(SolutionConfigurationPlatforms) = preSolution
		Debug|Any CPU = Debug|Any CPU
		Release|Any CPU = Release|Any CPU
	EndGlobalSection
	GlobalSection(ProjectConfigurationPlatforms) = postSolution
		{5F1DF827-A00D-45AF-A8C0-1AED37FA6D5D}.Debug|Any CPU.ActiveCfg = Debug|Any CPU
		{5F1DF827-A00D-45AF-A8C0-1AED37FA6D5D}.Debug|Any CPU.Build.0 = Debug|Any CPU
		{5F1DF827-A00D-45AF-A8C0-1AED37FA6D5D}.Release|Any CPU.ActiveCfg = Release|Any CPU
		{5F1DF827-A00D-45AF-A8C0-1AED37FA6D5D}.Release|Any CPU.Build.0 = Release|Any CPU
	EndGlobalSection
	GlobalSection(SolutionProperties) = preSolution
		HideSolutionNode = FALSE
	EndGlobalSection
	GlobalSection(ExtensibilityGlobals) = postSolution
		SolutionGuid = {EBD127F0-5EC9-48E8-815B-7D2AF7514F1C}
	EndGlobalSection
EndGlobal
